
Microsoft Visual Studio Solution File, Format Version 12.00
# Visual Studio Version 17
VisualStudioVersion = 17.7.34221.43
MinimumVisualStudioVersion = 10.0.40219.1
Project("{FAE04EC0-301F-11D3-BF4B-00C04F79EFBC}") = "EjercicioPresentacion", "EjercicioPresentacion.csproj", "{4C2CFEE4-0C6B-4EEA-A27C-8E1B598A0A8F}"
EndProject
Global
	GlobalSection(SolutionConfigurationPlatforms) = preSolution
		Debug|Any CPU = Debug|Any CPU
		Release|Any CPU = Release|Any CPU
	EndGlobalSection
	GlobalSection(ProjectConfigurationPlatforms) = postSolution
		{4C2CFEE4-0C6B-4EEA-A27C-8E1B598A0A8F}.Debug|Any CPU.ActiveCfg = Debug|Any CPU
		{4C2CFEE4-0C6B-4EEA-A27C-8E1B598A0A8F}.Debug|Any CPU.Build.0 = Debug|Any CPU
		{4C2CFEE4-0C6B-4EEA-A27C-8E1B598A0A8F}.Release|Any CPU.ActiveCfg = Release|Any CPU
		{4C2CFEE4-0C6B-4EEA-A27C-8E1B598A0A8F}.Release|Any CPU.Build.0 = Release|Any CPU
	EndGlobalSection
	GlobalSection(SolutionProperties) = preSolution
		HideSolutionNode = FALSE
	EndGlobalSection
	GlobalSection(ExtensibilityGlobals) = postSolution
		SolutionGuid = {826EF2B8-02D4-4F82-A4B9-DDCF4F57B185}
	EndGlobalSection
EndGlobal
